Microsoft Visual Studio Solution File, Format Version 12.00
# Visual Studio Version 17
VisualStudioVersion = 17.5.2.0
MinimumVisualStudioVersion = 10.0.40219.1
Project("{FAE04EC0-301F-11D3-BF4B-00C04F79EFBC}") = "ChamadosTecnicos", "ChamadosTecnicos.csproj", "{D165750C-7989-CF63-EE4A-B6F405DD78E3}"
EndProject
Global
	GlobalSection(SolutionConfigurationPlatforms) = preSolution
		Debug|Any CPU = Debug|Any CPU
		Release|Any CPU = Release|Any CPU
	EndGlobalSection
	GlobalSection(ProjectConfigurationPlatforms) = postSolution
		{D165750C-7989-CF63-EE4A-B6F405DD78E3}.Debug|Any CPU.ActiveCfg = Debug|Any CPU
		{D165750C-7989-CF63-EE4A-B6F405DD78E3}.Debug|Any CPU.Build.0 = Debug|Any CPU
		{D165750C-7989-CF63-EE4A-B6F405DD78E3}.Release|Any CPU.ActiveCfg = Release|Any CPU
		{D165750C-7989-CF63-EE4A-B6F405DD78E3}.Release|Any CPU.Build.0 = Release|Any CPU
	EndGlobalSection
	GlobalSection(SolutionProperties) = preSolution
		HideSolutionNode = FALSE
	EndGlobalSection
	GlobalSection(ExtensibilityGlobals) = postSolution
		SolutionGuid = {F47279A6-DF65-4A30-BCAA-3D5E67865083}
	EndGlobalSection
EndGlobal
